
Microsoft Visual Studio Solution File, Format Version 12.00
# Visual Studio Version 17
VisualStudioVersion = 17.0.31903.59
MinimumVisualStudioVersion = 10.0.40219.1
Project("{2150E333-8FDC-42A3-9474-1A3956D46DE8}") = "src", "src", "{D78AA5DE-3AB8-4186-8A09-B8F98DC9ACDB}"
EndProject
Project("{FAE04EC0-301F-11D3-BF4B-00C04F79EFBC}") = "RevitChatBot.Core", "src\RevitChatBot.Core\RevitChatBot.Core.csproj", "{E4F507A2-19A9-48AD-875A-469B5D6E8348}"
EndProject
Project("{FAE04EC0-301F-11D3-BF4B-00C04F79EFBC}") = "RevitChatBot.RevitServices", "src\RevitChatBot.RevitServices\RevitChatBot.RevitServices.csproj", "{9276298D-7E9E-44BC-9883-ABBAC26CCE22}"
EndProject
Project("{FAE04EC0-301F-11D3-BF4B-00C04F79EFBC}") = "RevitChatBot.Knowledge", "src\RevitChatBot.Knowledge\RevitChatBot.Knowledge.csproj", "{040D67D6-D447-4A00-B3D6-CD09C8CC8523}"
EndProject
Project("{FAE04EC0-301F-11D3-BF4B-00C04F79EFBC}") = "RevitChatBot.MEP", "src\RevitChatBot.MEP\RevitChatBot.MEP.csproj", "{7406951A-384C-4C0F-98AA-6BFC34020ABC}"
EndProject
Project("{FAE04EC0-301F-11D3-BF4B-00C04F79EFBC}") = "RevitChatBot.Addin", "src\RevitChatBot.Addin\RevitChatBot.Addin.csproj", "{64A67A81-B0A5-4F70-AA60-91BCB1898C39}"
EndProject
Project("{FAE04EC0-301F-11D3-BF4B-00C04F79EFBC}") = "RevitChatBot.Visualization", "src\RevitChatBot.Visualization\RevitChatBot.Visualization.csproj", "{1DF907E1-F009-4B50-85FB-9CB7069BE4EE}"
EndProject
Global
	GlobalSection(SolutionConfigurationPlatforms) = preSolution
		Debug|Any CPU = Debug|Any CPU
		Release|Any CPU = Release|Any CPU
	EndGlobalSection
	GlobalSection(SolutionProperties) = preSolution
		HideSolutionNode = FALSE
	EndGlobalSection
	GlobalSection(ProjectConfigurationPlatforms) = postSolution
		{E4F507A2-19A9-48AD-875A-469B5D6E8348}.Debug|Any CPU.ActiveCfg = Debug|Any CPU
		{E4F507A2-19A9-48AD-875A-469B5D6E8348}.Debug|Any CPU.Build.0 = Debug|Any CPU
		{E4F507A2-19A9-48AD-875A-469B5D6E8348}.Release|Any CPU.ActiveCfg = Release|Any CPU
		{E4F507A2-19A9-48AD-875A-469B5D6E8348}.Release|Any CPU.Build.0 = Release|Any CPU
		{9276298D-7E9E-44BC-9883-ABBAC26CCE22}.Debug|Any CPU.ActiveCfg = Debug|Any CPU
		{9276298D-7E9E-44BC-9883-ABBAC26CCE22}.Debug|Any CPU.Build.0 = Debug|Any CPU
		{9276298D-7E9E-44BC-9883-ABBAC26CCE22}.Release|Any CPU.ActiveCfg = Release|Any CPU
		{9276298D-7E9E-44BC-9883-ABBAC26CCE22}.Release|Any CPU.Build.0 = Release|Any CPU
		{040D67D6-D447-4A00-B3D6-CD09C8CC8523}.Debug|Any CPU.ActiveCfg = Debug|Any CPU
		{040D67D6-D447-4A00-B3D6-CD09C8CC8523}.Debug|Any CPU.Build.0 = Debug|Any CPU
		{040D67D6-D447-4A00-B3D6-CD09C8CC8523}.Release|Any CPU.ActiveCfg = Release|Any CPU
		{040D67D6-D447-4A00-B3D6-CD09C8CC8523}.Release|Any CPU.Build.0 = Release|Any CPU
		{7406951A-384C-4C0F-98AA-6BFC34020ABC}.Debug|Any CPU.ActiveCfg = Debug|Any CPU
		{7406951A-384C-4C0F-98AA-6BFC34020ABC}.Debug|Any CPU.Build.0 = Debug|Any CPU
		{7406951A-384C-4C0F-98AA-6BFC34020ABC}.Release|Any CPU.ActiveCfg = Release|Any CPU
		{7406951A-384C-4C0F-98AA-6BFC34020ABC}.Release|Any CPU.Build.0 = Release|Any CPU
		{64A67A81-B0A5-4F70-AA60-91BCB1898C39}.Debug|Any CPU.ActiveCfg = Debug|Any CPU
		{64A67A81-B0A5-4F70-AA60-91BCB1898C39}.Debug|Any CPU.Build.0 = Debug|Any CPU
		{64A67A81-B0A5-4F70-AA60-91BCB1898C39}.Release|Any CPU.ActiveCfg = Release|Any CPU
		{64A67A81-B0A5-4F70-AA60-91BCB1898C39}.Release|Any CPU.Build.0 = Release|Any CPU
		{1DF907E1-F009-4B50-85FB-9CB7069BE4EE}.Debug|Any CPU.ActiveCfg = Debug|Any CPU
		{1DF907E1-F009-4B50-85FB-9CB7069BE4EE}.Debug|Any CPU.Build.0 = Debug|Any CPU
		{1DF907E1-F009-4B50-85FB-9CB7069BE4EE}.Release|Any CPU.ActiveCfg = Release|Any CPU
		{1DF907E1-F009-4B50-85FB-9CB7069BE4EE}.Release|Any CPU.Build.0 = Release|Any CPU
	EndGlobalSection
	GlobalSection(NestedProjects) = preSolution
		{E4F507A2-19A9-48AD-875A-469B5D6E8348} = {D78AA5DE-3AB8-4186-8A09-B8F98DC9ACDB}
		{9276298D-7E9E-44BC-9883-ABBAC26CCE22} = {D78AA5DE-3AB8-4186-8A09-B8F98DC9ACDB}
		{040D67D6-D447-4A00-B3D6-CD09C8CC8523} = {D78AA5DE-3AB8-4186-8A09-B8F98DC9ACDB}
		{7406951A-384C-4C0F-98AA-6BFC34020ABC} = {D78AA5DE-3AB8-4186-8A09-B8F98DC9ACDB}
		{64A67A81-B0A5-4F70-AA60-91BCB1898C39} = {D78AA5DE-3AB8-4186-8A09-B8F98DC9ACDB}
		{1DF907E1-F009-4B50-85FB-9CB7069BE4EE} = {D78AA5DE-3AB8-4186-8A09-B8F98DC9ACDB}
	EndGlobalSection
EndGlobal
